Microsoft Visual Studio Solution File, Format Version 12.00
# Visual Studio 2012
Project("{FAE04EC0-301F-11D3-BF4B-00C04F79EFBC}") = "physics-world", "physics-world.csproj", "{BD8A3AE0-8460-4FDA-9082-D01CC19E256F}"
EndProject
Global
	GlobalSection(SolutionConfigurationPlatforms) = preSolution
	Debug|Any CPU = Debug|Any CPU
	ExportDebug|Any CPU = ExportDebug|Any CPU
	ExportRelease|Any CPU = ExportRelease|Any CPU
	EndGlobalSection
	GlobalSection(ProjectConfigurationPlatforms) = postSolution
		{BD8A3AE0-8460-4FDA-9082-D01CC19E256F}.Debug|Any CPU.ActiveCfg = Debug|Any CPU
		{BD8A3AE0-8460-4FDA-9082-D01CC19E256F}.Debug|Any CPU.Build.0 = Debug|Any CPU
		{BD8A3AE0-8460-4FDA-9082-D01CC19E256F}.ExportDebug|Any CPU.ActiveCfg = ExportDebug|Any CPU
		{BD8A3AE0-8460-4FDA-9082-D01CC19E256F}.ExportDebug|Any CPU.Build.0 = ExportDebug|Any CPU
		{BD8A3AE0-8460-4FDA-9082-D01CC19E256F}.ExportRelease|Any CPU.ActiveCfg = ExportRelease|Any CPU
		{BD8A3AE0-8460-4FDA-9082-D01CC19E256F}.ExportRelease|Any CPU.Build.0 = ExportRelease|Any CPU
	EndGlobalSection
EndGlobal
